// !$*UTF8*$!
{
	archiveVersion = 1;
	classes = {
	};
	objectVersion = 50;
	objects = {

/* Begin PBXBuildFile section */
		805256702616703E006F6530 /* DataProvider.swift in Sources */ = {isa = PBXBuildFile; fileRef = 8052566F2616703E006F6530 /* DataProvider.swift */; };
		808BA8A8261611B100274534 /* Lesson25UITests.swift in Sources */ = {isa = PBXBuildFile; fileRef = 808BA8A7261611B100274534 /* Lesson25UITests.swift */; };
		808BA8B4261614BC00274534 /* TaskTests.swift in Sources */ = {isa = PBXBuildFile; fileRef = 808BA8B3261614BC00274534 /* TaskTests.swift */; };
		808BA8BD261615B200274534 /* Task.swift in Sources */ = {isa = PBXBuildFile; fileRef = 808BA8BC261615B200274534 /* Task.swift */; };
		80A2600F2615CB8D00ADDB6E /* AppDelegate.swift in Sources */ = {isa = PBXBuildFile; fileRef = 80A2600E2615CB8D00ADDB6E /* AppDelegate.swift */; };
		80A260112615CB8D00ADDB6E /* SceneDelegate.swift in Sources */ = {isa = PBXBuildFile; fileRef = 80A260102615CB8D00ADDB6E /* SceneDelegate.swift */; };
		80A260132615CB8D00ADDB6E /* TaskListViewController.swift in Sources */ = {isa = PBXBuildFile; fileRef = 80A260122615CB8D00ADDB6E /* TaskListViewController.swift */; };
		80A260162615CB8D00ADDB6E /* Main.storyboard in Resources */ = {isa = PBXBuildFile; fileRef = 80A260142615CB8D00ADDB6E /* Main.storyboard */; };
		80A260182615CB9000ADDB6E /* Assets.xcassets in Resources */ = {isa = PBXBuildFile; fileRef = 80A260172615CB9000ADDB6E /* Assets.xcassets */; };
		80A2601B2615CB9000ADDB6E /* LaunchScreen.storyboard in Resources */ = {isa = PBXBuildFile; fileRef = 80A260192615CB9000ADDB6E /* LaunchScreen.storyboard */; };
		80BD9A7926172EB100CEF695 /* DataProviderTests.swift in Sources */ = {isa = PBXBuildFile; fileRef = 80BD9A7826172EB100CEF695 /* DataProviderTests.swift */; };
		80BD9A7E2617442500CEF695 /* TaskCell.swift in Sources */ = {isa = PBXBuildFile; fileRef = 80BD9A7D2617442500CEF695 /* TaskCell.swift */; };
		80BD9A842617BEF800CEF695 /* TaskCellTests.swift in Sources */ = {isa = PBXBuildFile; fileRef = 80BD9A832617BEF800CEF695 /* TaskCellTests.swift */; };
		80D6179B2616274000EF5B09 /* Location.swift in Sources */ = {isa = PBXBuildFile; fileRef = 80D6179A2616274000EF5B09 /* Location.swift */; };
		80D617A026162ADB00EF5B09 /* LocationTests.swift in Sources */ = {isa = PBXBuildFile; fileRef = 80D6179F26162ADB00EF5B09 /* LocationTests.swift */; };
		80D617A626163BFB00EF5B09 /* TaskManagerTests.swift in Sources */ = {isa = PBXBuildFile; fileRef = 80D617A526163BFB00EF5B09 /* TaskManagerTests.swift */; };
		80D617AF26163CA200EF5B09 /* TaskManager.swift in Sources */ = {isa = PBXBuildFile; fileRef = 80D617AE26163CA200EF5B09 /* TaskManager.swift */; };
		80D617B62616671E00EF5B09 /* TaskListViewControllerTests.swift in Sources */ = {isa = PBXBuildFile; fileRef = 80D617B52616671E00EF5B09 /* TaskListViewControllerTests.swift */; };
		80EC06AC26186A1E00D1B77C /* DetailViewControllerTests.swift in Sources */ = {isa = PBXBuildFile; fileRef = 80EC06AB26186A1E00D1B77C /* DetailViewControllerTests.swift */; };
		80EC06B126186B8100D1B77C /* DetailViewController.swift in Sources */ = {isa = PBXBuildFile; fileRef = 80EC06B026186B8100D1B77C /* DetailViewController.swift */; };
/* End PBXBuildFile section */

/* Begin PBXContainerItemProxy section */
		8088EA642615EBBA001FCEAE /* PBXContainerItemProxy */ = {
			isa = PBXContainerItemProxy;
			containerPortal = 80A260032615CB8D00ADDB6E /* Project object */;
			proxyType = 1;
			remoteGlobalIDString = 80A2600A2615CB8D00ADDB6E;
			remoteInfo = Lesson25;
		};
		808BA8AA261611B100274534 /* PBXContainerItemProxy */ = {
			isa = PBXContainerItemProxy;
			containerPortal = 80A260032615CB8D00ADDB6E /* Project object */;
			proxyType = 1;
			remoteGlobalIDString = 80A2600A2615CB8D00ADDB6E;
			remoteInfo = Lesson25;
		};
/* End PBXContainerItemProxy section */

/* Begin PBXFileReference section */
		8052566F2616703E006F6530 /* DataProvider.swift */ = {isa = PBXFileReference; lastKnownFileType = sourcecode.swift; path = DataProvider.swift; sourceTree = "<group>"; };
		8088EA5F2615EBBA001FCEAE /* Lesson25Tests.xctest */ = {isa = PBXFileReference; explicitFileType = wrapper.cfbundle; includeInIndex = 0; path = Lesson25Tests.xctest; sourceTree = BUILT_PRODUCTS_DIR; };
		8088EA632615EBBA001FCEAE /* Info.plist */ = {isa = PBXFileReference; lastKnownFileType = text.plist.xml; path = Info.plist; sourceTree = "<group>"; };
		808BA8A5261611B100274534 /* Lesson25UITests.xctest */ = {isa = PBXFileReference; explicitFileType = wrapper.cfbundle; includeInIndex = 0; path = Lesson25UITests.xctest; sourceTree = BUILT_PRODUCTS_DIR; };
		808BA8A7261611B100274534 /* Lesson25UITests.swift */ = {isa = PBXFileReference; lastKnownFileType = sourcecode.swift; path = Lesson25UITests.swift; sourceTree = "<group>"; };
		808BA8A9261611B100274534 /* Info.plist */ = {isa = PBXFileReference; lastKnownFileType = text.plist.xml; path = Info.plist; sourceTree = "<group>"; };
		808BA8B3261614BC00274534 /* TaskTests.swift */ = {isa = PBXFileReference; lastKnownFileType = sourcecode.swift; path = TaskTests.swift; sourceTree = "<group>"; };
		808BA8BC261615B200274534 /* Task.swift */ = {isa = PBXFileReference; lastKnownFileType = sourcecode.swift; path = Task.swift; sourceTree = "<group>"; };
		80A2600B2615CB8D00ADDB6E /* Lesson25.app */ = {isa = PBXFileReference; explicitFileType = wrapper.application; includeInIndex = 0; path = Lesson25.app; sourceTree = BUILT_PRODUCTS_DIR; };
		80A2600E2615CB8D00ADDB6E /* AppDelegate.swift */ = {isa = PBXFileReference; lastKnownFileType = sourcecode.swift; path = AppDelegate.swift; sourceTree = "<group>"; };
		80A260102615CB8D00ADDB6E /* SceneDelegate.swift */ = {isa = PBXFileReference; lastKnownFileType = sourcecode.swift; path = SceneDelegate.swift; sourceTree = "<group>"; };
		80A260122615CB8D00ADDB6E /* TaskListViewController.swift */ = {isa = PBXFileReference; lastKnownFileType = sourcecode.swift; path = TaskListViewController.swift; sourceTree = "<group>"; };
		80A260152615CB8D00ADDB6E /* Base */ = {isa = PBXFileReference; lastKnownFileType = file.storyboard; name = Base; path = Base.lproj/Main.storyboard; sourceTree = "<group>"; };
		80A260172615CB9000ADDB6E /* Assets.xcassets */ = {isa = PBXFileReference; lastKnownFileType = folder.assetcatalog; path = Assets.xcassets; sourceTree = "<group>"; };
		80A2601A2615CB9000ADDB6E /* Base */ = {isa = PBXFileReference; lastKnownFileType = file.storyboard; name = Base; path = Base.lproj/LaunchScreen.storyboard; sourceTree = "<group>"; };
		80A2601C2615CB9000ADDB6E /* Info.plist */ = {isa = PBXFileReference; lastKnownFileType = text.plist.xml; path = Info.plist; sourceTree = "<group>"; };
		80BD9A7826172EB100CEF695 /* DataProviderTests.swift */ = {isa = PBXFileReference; lastKnownFileType = sourcecode.swift; path = DataProviderTests.swift; sourceTree = "<group>"; };
		80BD9A7D2617442500CEF695 /* TaskCell.swift */ = {isa = PBXFileReference; lastKnownFileType = sourcecode.swift; path = TaskCell.swift; sourceTree = "<group>"; };
		80BD9A832617BEF800CEF695 /* TaskCellTests.swift */ = {isa = PBXFileReference; lastKnownFileType = sourcecode.swift; path = TaskCellTests.swift; sourceTree = "<group>"; };
		80D6179A2616274000EF5B09 /* Location.swift */ = {isa = PBXFileReference; lastKnownFileType = sourcecode.swift; path = Location.swift; sourceTree = "<group>"; };
		80D6179F26162ADB00EF5B09 /* LocationTests.swift */ = {isa = PBXFileReference; lastKnownFileType = sourcecode.swift; path = LocationTests.swift; sourceTree = "<group>"; };
		80D617A526163BFB00EF5B09 /* TaskManagerTests.swift */ = {isa = PBXFileReference; lastKnownFileType = sourcecode.swift; path = TaskManagerTests.swift; sourceTree = "<group>"; };
		80D617AE26163CA200EF5B09 /* TaskManager.swift */ = {isa = PBXFileReference; lastKnownFileType = sourcecode.swift; path = TaskManager.swift; sourceTree = "<group>"; };
		80D617B52616671E00EF5B09 /* TaskListViewControllerTests.swift */ = {isa = PBXFileReference; lastKnownFileType = sourcecode.swift; path = TaskListViewControllerTests.swift; sourceTree = "<group>"; };
		80EC06AB26186A1E00D1B77C /* DetailViewControllerTests.swift */ = {isa = PBXFileReference; lastKnownFileType = sourcecode.swift; path = DetailViewControllerTests.swift; sourceTree = "<group>"; };
		80EC06B026186B8100D1B77C /* DetailViewController.swift */ = {isa = PBXFileReference; lastKnownFileType = sourcecode.swift; path = DetailViewController.swift; sourceTree = "<group>"; };
/* End PBXFileReference section */

/* Begin PBXFrameworksBuildPhase section */
		8088EA5C2615EBBA001FCEAE /* Frameworks */ = {
			isa = PBXFrameworksBuildPhase;
			buildActionMask = 2147483647;
			files = (
			);
			runOnlyForDeploymentPostprocessing = 0;
		};
		808BA8A2261611B100274534 /* Frameworks */ = {
			isa = PBXFrameworksBuildPhase;
			buildActionMask = 2147483647;
			files = (
			);
			runOnlyForDeploymentPostprocessing = 0;
		};
		80A260082615CB8D00ADDB6E /* Frameworks */ = {
			isa = PBXFrameworksBuildPhase;
			buildActionMask = 2147483647;
			files = (
			);
			runOnlyForDeploymentPostprocessing = 0;
		};
/* End PBXFrameworksBuildPhase section */

/* Begin PBXGroup section */
		807E7E122615E16B00F4C366 /* System32 */ = {
			isa = PBXGroup;
			children = (
				80A2600E2615CB8D00ADDB6E /* AppDelegate.swift */,
				80A260102615CB8D00ADDB6E /* SceneDelegate.swift */,
				80A260172615CB9000ADDB6E /* Assets.xcassets */,
				80A260192615CB9000ADDB6E /* LaunchScreen.storyboard */,
				80A2601C2615CB9000ADDB6E /* Info.plist */,
			);
			path = System32;
			sourceTree = "<group>";
		};
		807E7E142615E18D00F4C366 /* Controller */ = {
			isa = PBXGroup;
			children = (
				80A260122615CB8D00ADDB6E /* TaskListViewController.swift */,
				8052566F2616703E006F6530 /* DataProvider.swift */,
				80EC06B026186B8100D1B77C /* DetailViewController.swift */,
			);
			path = Controller;
			sourceTree = "<group>";
		};
		807E7E162615E19600F4C366 /* View */ = {
			isa = PBXGroup;
			children = (
				80A260142615CB8D00ADDB6E /* Main.storyboard */,
				80BD9A7D2617442500CEF695 /* TaskCell.swift */,
			);
			path = View;
			sourceTree = "<group>";
		};
		8088EA602615EBBA001FCEAE /* Lesson25Tests */ = {
			isa = PBXGroup;
			children = (
				808BA8BB261614CF00274534 /* Model */,
				80BD9A822617BECD00CEF695 /* View */,
				80D617B4261666E200EF5B09 /* Controller */,
				80D617A426163BCB00EF5B09 /* Manager */,
				8088EA632615EBBA001FCEAE /* Info.plist */,
			);
			path = Lesson25Tests;
			sourceTree = "<group>";
		};
		808BA8A6261611B100274534 /* Lesson25UITests */ = {
			isa = PBXGroup;
			children = (
				808BA8A7261611B100274534 /* Lesson25UITests.swift */,
				808BA8A9261611B100274534 /* Info.plist */,
			);
			path = Lesson25UITests;
			sourceTree = "<group>";
		};
		808BA8B2261612D500274534 /* Model */ = {
			isa = PBXGroup;
			children = (
				808BA8BC261615B200274534 /* Task.swift */,
				80D6179A2616274000EF5B09 /* Location.swift */,
			);
			path = Model;
			sourceTree = "<group>";
		};
		808BA8BB261614CF00274534 /* Model */ = {
			isa = PBXGroup;
			children = (
				808BA8B3261614BC00274534 /* TaskTests.swift */,
				80D6179F26162ADB00EF5B09 /* LocationTests.swift */,
			);
			path = Model;
			sourceTree = "<group>";
		};
		80A260022615CB8D00ADDB6E = {
			isa = PBXGroup;
			children = (
				80A2600D2615CB8D00ADDB6E /* Lesson25 */,
				8088EA602615EBBA001FCEAE /* Lesson25Tests */,
				808BA8A6261611B100274534 /* Lesson25UITests */,
				80A2600C2615CB8D00ADDB6E /* Products */,
			);
			sourceTree = "<group>";
		};
		80A2600C2615CB8D00ADDB6E /* Products */ = {
			isa = PBXGroup;
			children = (
				80A2600B2615CB8D00ADDB6E /* Lesson25.app */,
				8088EA5F2615EBBA001FCEAE /* Lesson25Tests.xctest */,
				808BA8A5261611B100274534 /* Lesson25UITests.xctest */,
			);
			name = Products;
			sourceTree = "<group>";
		};
		80A2600D2615CB8D00ADDB6E /* Lesson25 */ = {
			isa = PBXGroup;
			children = (
				808BA8B2261612D500274534 /* Model */,
				807E7E162615E19600F4C366 /* View */,
				807E7E142615E18D00F4C366 /* Controller */,
				80D617AD26163C9300EF5B09 /* Manager */,
				807E7E122615E16B00F4C366 /* System32 */,
			);
			path = Lesson25;
			sourceTree = "<group>";
		};
		80BD9A822617BECD00CEF695 /* View */ = {
			isa = PBXGroup;
			children = (
				80BD9A832617BEF800CEF695 /* TaskCellTests.swift */,
			);
			path = View;
			sourceTree = "<group>";
		};
		80D617A426163BCB00EF5B09 /* Manager */ = {
			isa = PBXGroup;
			children = (
				80D617A526163BFB00EF5B09 /* TaskManagerTests.swift */,
			);
			path = Manager;
			sourceTree = "<group>";
		};
		80D617AD26163C9300EF5B09 /* Manager */ = {
			isa = PBXGroup;
			children = (
				80D617AE26163CA200EF5B09 /* TaskManager.swift */,
			);
			path = Manager;
			sourceTree = "<group>";
		};
		80D617B4261666E200EF5B09 /* Controller */ = {
			isa = PBXGroup;
			children = (
				80D617B52616671E00EF5B09 /* TaskListViewControllerTests.swift */,
				80BD9A7826172EB100CEF695 /* DataProviderTests.swift */,
				80EC06AB26186A1E00D1B77C /* DetailViewControllerTests.swift */,
			);
			path = Controller;
			sourceTree = "<group>";
		};
/* End PBXGroup section */

/* Begin PBXNativeTarget section */
		8088EA5E2615EBBA001FCEAE /* Lesson25Tests */ = {
			isa = PBXNativeTarget;
			buildConfigurationList = 8088EA682615EBBA001FCEAE /* Build configuration list for PBXNativeTarget "Lesson25Tests" */;
			buildPhases = (
				8088EA5B2615EBBA001FCEAE /* Sources */,
				8088EA5C2615EBBA001FCEAE /* Frameworks */,
				8088EA5D2615EBBA001FCEAE /* Resources */,
			);
			buildRules = (
			);
			dependencies = (
				8088EA652615EBBA001FCEAE /* PBXTargetDependency */,
			);
			name = Lesson25Tests;
			productName = Lesson25Tests;
			productReference = 8088EA5F2615EBBA001FCEAE /* Lesson25Tests.xctest */;
			productType = "com.apple.product-type.bundle.unit-test";
		};
		808BA8A4261611B100274534 /* Lesson25UITests */ = {
			isa = PBXNativeTarget;
			buildConfigurationList = 808BA8AC261611B100274534 /* Build configuration list for PBXNativeTarget "Lesson25UITests" */;
			buildPhases = (
				808BA8A1261611B100274534 /* Sources */,
				808BA8A2261611B100274534 /* Frameworks */,
				808BA8A3261611B100274534 /* Resources */,
			);
			buildRules = (
			);
			dependencies = (
				808BA8AB261611B100274534 /* PBXTargetDependency */,
			);
			name = Lesson25UITests;
			productName = Lesson25UITests;
			productReference = 808BA8A5261611B100274534 /* Lesson25UITests.xctest */;
			productType = "com.apple.product-type.bundle.ui-testing";
		};
		80A2600A2615CB8D00ADDB6E /* Lesson25 */ = {
			isa = PBXNativeTarget;
			buildConfigurationList = 80A2601F2615CB9000ADDB6E /* Build configuration list for PBXNativeTarget "Lesson25" */;
			buildPhases = (
				80A260072615CB8D00ADDB6E /* Sources */,
				80A260082615CB8D00ADDB6E /* Frameworks */,
				80A260092615CB8D00ADDB6E /* Resources */,
			);
			buildRules = (
			);
			dependencies = (
			);
			name = Lesson25;
			productName = Lesson25;
			productReference = 80A2600B2615CB8D00ADDB6E /* Lesson25.app */;
			productType = "com.apple.product-type.application";
		};
/* End PBXNativeTarget section */

/* Begin PBXProject section */
		80A260032615CB8D00ADDB6E /* Project object */ = {
			isa = PBXProject;
			attributes = {
				LastSwiftUpdateCheck = 1240;
				LastUpgradeCheck = 1240;
				TargetAttributes = {
					8088EA5E2615EBBA001FCEAE = {
						CreatedOnToolsVersion = 12.4;
						TestTargetID = 80A2600A2615CB8D00ADDB6E;
					};
					808BA8A4261611B100274534 = {
						CreatedOnToolsVersion = 12.4;
						TestTargetID = 80A2600A2615CB8D00ADDB6E;
					};
					80A2600A2615CB8D00ADDB6E = {
						CreatedOnToolsVersion = 12.4;
					};
				};
			};
			buildConfigurationList = 80A260062615CB8D00ADDB6E /* Build configuration list for PBXProject "Lesson25" */;
			compatibilityVersion = "Xcode 9.3";
			developmentRegion = en;
			hasScannedForEncodings = 0;
			knownRegions = (
				en,
				Base,
			);
			mainGroup = 80A260022615CB8D00ADDB6E;
			productRefGroup = 80A2600C2615CB8D00ADDB6E /* Products */;
			projectDirPath = "";
			projectRoot = "";
			targets = (
				80A2600A2615CB8D00ADDB6E /* Lesson25 */,
				8088EA5E2615EBBA001FCEAE /* Lesson25Tests */,
				808BA8A4261611B100274534 /* Lesson25UITests */,
			);
		};
/* End PBXProject section */

/* Begin PBXResourcesBuildPhase section */
		8088EA5D2615EBBA001FCEAE /* Resources */ = {
			isa = PBXResourcesBuildPhase;
			buildActionMask = 2147483647;
			files = (
			);
			runOnlyForDeploymentPostprocessing = 0;
		};
		808BA8A3261611B100274534 /* Resources */ = {
			isa = PBXResourcesBuildPhase;
			buildActionMask = 2147483647;
			files = (
			);
			runOnlyForDeploymentPostprocessing = 0;
		};
		80A260092615CB8D00ADDB6E /* Resources */ = {
			isa = PBXResourcesBuildPhase;
			buildActionMask = 2147483647;
			files = (
				80A2601B2615CB9000ADDB6E /* LaunchScreen.storyboard in Resources */,
				80A260182615CB9000ADDB6E /* Assets.xcassets in Resources */,
				80A260162615CB8D00ADDB6E /* Main.storyboard in Resources */,
			);
			runOnlyForDeploymentPostprocessing = 0;
		};
/* End PBXResourcesBuildPhase section */

/* Begin PBXSourcesBuildPhase section */
		8088EA5B2615EBBA001FCEAE /* Sources */ = {
			isa = PBXSourcesBuildPhase;
			buildActionMask = 2147483647;
			files = (
				808BA8B4261614BC00274534 /* TaskTests.swift in Sources */,
				80D617A026162ADB00EF5B09 /* LocationTests.swift in Sources */,
				80BD9A842617BEF800CEF695 /* TaskCellTests.swift in Sources */,
				80BD9A7926172EB100CEF695 /* DataProviderTests.swift in Sources */,
				80D617A626163BFB00EF5B09 /* TaskManagerTests.swift in Sources */,
				80D617B62616671E00EF5B09 /* TaskListViewControllerTests.swift in Sources */,
				80EC06AC26186A1E00D1B77C /* DetailViewControllerTests.swift in Sources */,
			);
			runOnlyForDeploymentPostprocessing = 0;
		};
		808BA8A1261611B100274534 /* Sources */ = {
			isa = PBXSourcesBuildPhase;
			buildActionMask = 2147483647;
			files = (
				808BA8A8261611B100274534 /* Lesson25UITests.swift in Sources */,
			);
			runOnlyForDeploymentPostprocessing = 0;
		};
		80A260072615CB8D00ADDB6E /* Sources */ = {
			isa = PBXSourcesBuildPhase;
			buildActionMask = 2147483647;
			files = (
				80EC06B126186B8100D1B77C /* DetailViewController.swift in Sources */,
				80D617AF26163CA200EF5B09 /* TaskManager.swift in Sources */,
				808BA8BD261615B200274534 /* Task.swift in Sources */,
				80A260132615CB8D00ADDB6E /* TaskListViewController.swift in Sources */,
				805256702616703E006F6530 /* DataProvider.swift in Sources */,
				80BD9A7E2617442500CEF695 /* TaskCell.swift in Sources */,
				80D6179B2616274000EF5B09 /* Location.swift in Sources */,
				80A2600F2615CB8D00ADDB6E /* AppDelegate.swift in Sources */,
				80A260112615CB8D00ADDB6E /* SceneDelegate.swift in Sources */,
			);
			runOnlyForDeploymentPostprocessing = 0;
		};
/* End PBXSourcesBuildPhase section */

/* Begin PBXTargetDependency section */
		8088EA652615EBBA001FCEAE /* PBXTargetDependency */ = {
			isa = PBXTargetDependency;
			target = 80A2600A2615CB8D00ADDB6E /* Lesson25 */;
			targetProxy = 8088EA642615EBBA001FCEAE /* PBXContainerItemProxy */;
		};
		808BA8AB261611B100274534 /* PBXTargetDependency */ = {
			isa = PBXTargetDependency;
			target = 80A2600A2615CB8D00ADDB6E /* Lesson25 */;
			targetProxy = 808BA8AA261611B100274534 /* PBXContainerItemProxy */;
		};
/* End PBXTargetDependency section */

/* Begin PBXVariantGroup section */
		80A260142615CB8D00ADDB6E /* Main.storyboard */ = {
			isa = PBXVariantGroup;
			children = (
				80A260152615CB8D00ADDB6E /* Base */,
			);
			name = Main.storyboard;
			sourceTree = "<group>";
		};
		80A260192615CB9000ADDB6E /* LaunchScreen.storyboard */ = {
			isa = PBXVariantGroup;
			children = (
				80A2601A2615CB9000ADDB6E /* Base */,
			);
			name = LaunchScreen.storyboard;
			sourceTree = "<group>";
		};
/* End PBXVariantGroup section */

/* Begin XCBuildConfiguration section */
		8088EA662615EBBA001FCEAE /* Debug */ = {
			isa = XCBuildConfiguration;
			buildSettings = {
				BUNDLE_LOADER = "$(TEST_HOST)";
				CODE_SIGN_STYLE = Automatic;
				DEVELOPMENT_TEAM = 879U287R5Q;
				INFOPLIST_FILE = Lesson25Tests/Info.plist;
				LD_RUNPATH_SEARCH_PATHS = (
					"$(inherited)",
					"@executable_path/Frameworks",
					"@loader_path/Frameworks",
				);
				PRODUCT_BUNDLE_IDENTIFIER = ihValery.Lesson25Tests;
				PRODUCT_NAME = "$(TARGET_NAME)";
				SWIFT_VERSION = 5.0;
				TARGETED_DEVICE_FAMILY = "1,2";
				TEST_HOST = "$(BUILT_PRODUCTS_DIR)/Lesson25.app/Lesson25";
			};
			name = Debug;
		};
		8088EA672615EBBA001FCEAE /* Release */ = {
			isa = XCBuildConfiguration;
			buildSettings = {
				BUNDLE_LOADER = "$(TEST_HOST)";
				CODE_SIGN_STYLE = Automatic;
				DEVELOPMENT_TEAM = 879U287R5Q;
				INFOPLIST_FILE = Lesson25Tests/Info.plist;
				LD_RUNPATH_SEARCH_PATHS = (
					"$(inherited)",
					"@executable_path/Frameworks",
					"@loader_path/Frameworks",
				);
				PRODUCT_BUNDLE_IDENTIFIER = ihValery.Lesson25Tests;
				PRODUCT_NAME = "$(TARGET_NAME)";
				SWIFT_VERSION = 5.0;
				TARGETED_DEVICE_FAMILY = "1,2";
				TEST_HOST = "$(BUILT_PRODUCTS_DIR)/Lesson25.app/Lesson25";
			};
			name = Release;
		};
		808BA8AD261611B100274534 /* Debug */ = {
			isa = XCBuildConfiguration;
			buildSettings = {
				CODE_SIGN_STYLE = Automatic;
				DEVELOPMENT_TEAM = 879U287R5Q;
				INFOPLIST_FILE = Lesson25UITests/Info.plist;
				LD_RUNPATH_SEARCH_PATHS = (
					"$(inherited)",
					"@executable_path/Frameworks",
					"@loader_path/Frameworks",
				);
				PRODUCT_BUNDLE_IDENTIFIER = ihValery.Lesson25UITests;
				PRODUCT_NAME = "$(TARGET_NAME)";
				SWIFT_VERSION = 5.0;
				TARGETED_DEVICE_FAMILY = "1,2";
				TEST_TARGET_NAME = Lesson25;
			};
			name = Debug;
		};
		808BA8AE261611B100274534 /* Release */ = {
			isa = XCBuildConfiguration;
			buildSettings = {
				CODE_SIGN_STYLE = Automatic;
				DEVELOPMENT_TEAM = 879U287R5Q;
				INFOPLIST_FILE = Lesson25UITests/Info.plist;
				LD_RUNPATH_SEARCH_PATHS = (
					"$(inherited)",
					"@executable_path/Frameworks",
					"@loader_path/Frameworks",
				);
				PRODUCT_BUNDLE_IDENTIFIER = ihValery.Lesson25UITests;
				PRODUCT_NAME = "$(TARGET_NAME)";
				SWIFT_VERSION = 5.0;
				TARGETED_DEVICE_FAMILY = "1,2";
				TEST_TARGET_NAME = Lesson25;
			};
			name = Release;
		};
		80A2601D2615CB9000ADDB6E /* Debug */ = {
			isa = XCBuildConfiguration;
			buildSettings = {
				ALWAYS_SEARCH_USER_PATHS = NO;
				CLANG_ANALYZER_NONNULL = YES;
				CLANG_ANALYZER_NUMBER_OBJECT_CONVERSION = YES_AGGRESSIVE;
				CLANG_CXX_LANGUAGE_STANDARD = "gnu++14";
				CLANG_CXX_LIBRARY = "libc++";
				CLANG_ENABLE_MODULES = YES;
				CLANG_ENABLE_OBJC_ARC = YES;
				CLANG_ENABLE_OBJC_WEAK = YES;
				CLANG_WARN_BLOCK_CAPTURE_AUTORELEASING = YES;
				CLANG_WARN_BOOL_CONVERSION = YES;
				CLANG_WARN_COMMA = YES;
				CLANG_WARN_CONSTANT_CONVERSION = YES;
				CLANG_WARN_DEPRECATED_OBJC_IMPLEMENTATIONS = YES;
				CLANG_WARN_DIRECT_OBJC_ISA_USAGE = YES_ERROR;
				CLANG_WARN_DOCUMENTATION_COMMENTS = YES;
				CLANG_WARN_EMPTY_BODY = YES;
				CLANG_WARN_ENUM_CONVERSION = YES;
				CLANG_WARN_INFINITE_RECURSION = YES;
				CLANG_WARN_INT_CONVERSION = YES;
				CLANG_WARN_NON_LITERAL_NULL_CONVERSION = YES;
				CLANG_WARN_OBJC_IMPLICIT_RETAIN_SELF = YES;
				CLANG_WARN_OBJC_LITERAL_CONVERSION = YES;
				CLANG_WARN_OBJC_ROOT_CLASS = YES_ERROR;
				CLANG_WARN_QUOTED_INCLUDE_IN_FRAMEWORK_HEADER = YES;
				CLANG_WARN_RANGE_LOOP_ANALYSIS = YES;
				CLANG_WARN_STRICT_PROTOTYPES = YES;
				CLANG_WARN_SUSPICIOUS_MOVE = YES;
				CLANG_WARN_UNGUARDED_AVAILABILITY = YES_AGGRESSIVE;
				CLANG_WARN_UNREACHABLE_CODE = YES;
				CLANG_WARN__DUPLICATE_METHOD_MATCH = YES;
				COPY_PHASE_STRIP = NO;
				DEBUG_INFORMATION_FORMAT = dwarf;
				ENABLE_STRICT_OBJC_MSGSEND = YES;
				ENABLE_TESTABILITY = YES;
				GCC_C_LANGUAGE_STANDARD = gnu11;
				GCC_DYNAMIC_NO_PIC = NO;
				GCC_NO_COMMON_BLOCKS = YES;
				GCC_OPTIMIZATION_LEVEL = 0;
				GCC_PREPROCESSOR_DEFINITIONS = (
					"DEBUG=1",
					"$(inherited)",
				);
				GCC_WARN_64_TO_32_BIT_CONVERSION = YES;
				GCC_WARN_ABOUT_RETURN_TYPE = YES_ERROR;
				GCC_WARN_UNDECLARED_SELECTOR = YES;
				GCC_WARN_UNINITIALIZED_AUTOS = YES_AGGRESSIVE;
				GCC_WARN_UNUSED_FUNCTION = YES;
				GCC_WARN_UNUSED_VARIABLE = YES;
				IPHONEOS_DEPLOYMENT_TARGET = 14.4;
				MTL_ENABLE_DEBUG_INFO = INCLUDE_SOURCE;
				MTL_FAST_MATH = YES;
				ONLY_ACTIVE_ARCH = YES;
				SDKROOT = iphoneos;
				SWIFT_ACTIVE_COMPILATION_CONDITIONS = DEBUG;
				SWIFT_OPTIMIZATION_LEVEL = "-Onone";
			};
			name = Debug;
		};
		80A2601E2615CB9000ADDB6E /* Release */ = {
			isa = XCBuildConfiguration;
			buildSettings = {
				ALWAYS_SEARCH_USER_PATHS = NO;
				CLANG_ANALYZER_NONNULL = YES;
				CLANG_ANALYZER_NUMBER_OBJECT_CONVERSION = YES_AGGRESSIVE;
				CLANG_CXX_LANGUAGE_STANDARD = "gnu++14";
				CLANG_CXX_LIBRARY = "libc++";
				CLANG_ENABLE_MODULES = YES;
				CLANG_ENABLE_OBJC_ARC = YES;
				CLANG_ENABLE_OBJC_WEAK = YES;
				CLANG_WARN_BLOCK_CAPTURE_AUTORELEASING = YES;
				CLANG_WARN_BOOL_CONVERSION = YES;
				CLANG_WARN_COMMA = YES;
				CLANG_WARN_CONSTANT_CONVERSION = YES;
				CLANG_WARN_DEPRECATED_OBJC_IMPLEMENTATIONS = YES;
				CLANG_WARN_DIRECT_OBJC_ISA_USAGE = YES_ERROR;
				CLANG_WARN_DOCUMENTATION_COMMENTS = YES;
				CLANG_WARN_EMPTY_BODY = YES;
				CLANG_WARN_ENUM_CONVERSION = YES;
				CLANG_WARN_INFINITE_RECURSION = YES;
				CLANG_WARN_INT_CONVERSION = YES;
				CLANG_WARN_NON_LITERAL_NULL_CONVERSION = YES;
				CLANG_WARN_OBJC_IMPLICIT_RETAIN_SELF = YES;
				CLANG_WARN_OBJC_LITERAL_CONVERSION = YES;
				CLANG_WARN_OBJC_ROOT_CLASS = YES_ERROR;
				CLANG_WARN_QUOTED_INCLUDE_IN_FRAMEWORK_HEADER = YES;
				CLANG_WARN_RANGE_LOOP_ANALYSIS = YES;
				CLANG_WARN_STRICT_PROTOTYPES = YES;
				CLANG_WARN_SUSPICIOUS_MOVE = YES;
				CLANG_WARN_UNGUARDED_AVAILABILITY = YES_AGGRESSIVE;
				CLANG_WARN_UNREACHABLE_CODE = YES;
				CLANG_WARN__DUPLICATE_METHOD_MATCH = YES;
				COPY_PHASE_STRIP = NO;
				DEBUG_INFORMATION_FORMAT = "dwarf-with-dsym";
				ENABLE_NS_ASSERTIONS = NO;
				ENABLE_STRICT_OBJC_MSGSEND = YES;
				GCC_C_LANGUAGE_STANDARD = gnu11;
				GCC_NO_COMMON_BLOCKS = YES;
				GCC_WARN_64_TO_32_BIT_CONVERSION = YES;
				GCC_WARN_ABOUT_RETURN_TYPE = YES_ERROR;
				GCC_WARN_UNDECLARED_SELECTOR = YES;
				GCC_WARN_UNINITIALIZED_AUTOS = YES_AGGRESSIVE;
				GCC_WARN_UNUSED_FUNCTION = YES;
				GCC_WARN_UNUSED_VARIABLE = YES;
				IPHONEOS_DEPLOYMENT_TARGET = 14.4;
				MTL_ENABLE_DEBUG_INFO = NO;
				MTL_FAST_MATH = YES;
				SDKROOT = iphoneos;
				SWIFT_COMPILATION_MODE = wholemodule;
				SWIFT_OPTIMIZATION_LEVEL = "-O";
				VALIDATE_PRODUCT = YES;
			};
			name = Release;
		};
		80A260202615CB9000ADDB6E /* Debug */ = {
			isa = XCBuildConfiguration;
			buildSettings = {
				ASSETCATALOG_COMPILER_APPICON_NAME = AppIcon;
				ASSETCATALOG_COMPILER_GLOBAL_ACCENT_COLOR_NAME = AccentColor;
				CODE_SIGN_STYLE = Automatic;
				CURRENT_PROJECT_VERSION = 104;
				DEVELOPMENT_TEAM = 879U287R5Q;
				INFOPLIST_FILE = "$(SRCROOT)/Lesson25/System32/Info.plist";
				LD_RUNPATH_SEARCH_PATHS = (
					"$(inherited)",
					"@executable_path/Frameworks",
				);
				MARKETING_VERSION = 2.01;
				PRODUCT_BUNDLE_IDENTIFIER = ihValery.Lesson25;
				PRODUCT_NAME = "$(TARGET_NAME)";
				SWIFT_VERSION = 5.0;
				TARGETED_DEVICE_FAMILY = "1,2";
			};
			name = Debug;
		};
		80A260212615CB9000ADDB6E /* Release */ = {
			isa = XCBuildConfiguration;
			buildSettings = {
				ASSETCATALOG_COMPILER_APPICON_NAME = AppIcon;
				ASSETCATALOG_COMPILER_GLOBAL_ACCENT_COLOR_NAME = AccentColor;
				CODE_SIGN_STYLE = Automatic;
				CURRENT_PROJECT_VERSION = 104;
				DEVELOPMENT_TEAM = 879U287R5Q;
				INFOPLIST_FILE = "$(SRCROOT)/Lesson25/System32/Info.plist";
				LD_RUNPATH_SEARCH_PATHS = (
					"$(inherited)",
					"@executable_path/Frameworks",
				);
				MARKETING_VERSION = 2.01;
				PRODUCT_BUNDLE_IDENTIFIER = ihValery.Lesson25;
				PRODUCT_NAME = "$(TARGET_NAME)";
				SWIFT_VERSION = 5.0;
				TARGETED_DEVICE_FAMILY = "1,2";
			};
			name = Release;
		};
/* End XCBuildConfiguration section */

/* Begin XCConfigurationList section */
		8088EA682615EBBA001FCEAE /* Build configuration list for PBXNativeTarget "Lesson25Tests" */ = {
			isa = XCConfigurationList;
			buildConfigurations = (
				8088EA662615EBBA001FCEAE /* Debug */,
				8088EA672615EBBA001FCEAE /* Release */,
			);
			defaultConfigurationIsVisible = 0;
			defaultConfigurationName = Release;
		};
		808BA8AC261611B100274534 /* Build configuration list for PBXNativeTarget "Lesson25UITests" */ = {
			isa = XCConfigurationList;
			buildConfigurations = (
				808BA8AD261611B100274534 /* Debug */,
				808BA8AE261611B100274534 /* Release */,
			);
			defaultConfigurationIsVisible = 0;
			defaultConfigurationName = Release;
		};
		80A260062615CB8D00ADDB6E /* Build configuration list for PBXProject "Lesson25" */ = {
			isa = XCConfigurationList;
			buildConfigurations = (
				80A2601D2615CB9000ADDB6E /* Debug */,
				80A2601E2615CB9000ADDB6E /* Release */,
			);
			defaultConfigurationIsVisible = 0;
			defaultConfigurationName = Release;
		};
		80A2601F2615CB9000ADDB6E /* Build configuration list for PBXNativeTarget "Lesson25" */ = {
			isa = XCConfigurationList;
			buildConfigurations = (
				80A260202615CB9000ADDB6E /* Debug */,
				80A260212615CB9000ADDB6E /* Release */,
			);
			defaultConfigurationIsVisible = 0;
			defaultConfigurationName = Release;
		};
/* End XCConfigurationList section */
	};
	rootObject = 80A260032615CB8D00ADDB6E /* Project object */;
}
